
Microsoft Visual Studio Solution File, Format Version 12.00
# Visual Studio Version 17
VisualStudioVersion = 17.7.34202.233
MinimumVisualStudioVersion = 10.0.40219.1
Project("{FAE04EC0-301F-11D3-BF4B-00C04F79EFBC}") = "JWT-RefreshToken", "JWT-RefreshToken\JWT-RefreshToken.csproj", "{9B598AAB-A0D8-4A73-89E5-E63D043053CF}"
EndProject
Global
	GlobalSection(SolutionConfigurationPlatforms) = preSolution
		Debug|Any CPU = Debug|Any CPU
		Release|Any CPU = Release|Any CPU
	EndGlobalSection
	GlobalSection(ProjectConfigurationPlatforms) = postSolution
		{9B598AAB-A0D8-4A73-89E5-E63D043053CF}.Debug|Any CPU.ActiveCfg = Debug|Any CPU
		{9B598AAB-A0D8-4A73-89E5-E63D043053CF}.Debug|Any CPU.Build.0 = Debug|Any CPU
		{9B598AAB-A0D8-4A73-89E5-E63D043053CF}.Release|Any CPU.ActiveCfg = Release|Any CPU
		{9B598AAB-A0D8-4A73-89E5-E63D043053CF}.Release|Any CPU.Build.0 = Release|Any CPU
	EndGlobalSection
	GlobalSection(SolutionProperties) = preSolution
		HideSolutionNode = FALSE
	EndGlobalSection
	GlobalSection(ExtensibilityGlobals) = postSolution
		SolutionGuid = {6A381D86-F3F8-4595-81FF-D301A9D7E994}
	EndGlobalSection
EndGlobal
